<?xml version="1.0" encoding="utf-8"?>
<Project DefaultTargets="Build" ToolsVersion="4.0" xmlns="http://schemas.microsoft.com/developer/msbuild/2003">
  <PropertyGroup>
    <Configuration Condition=" '$(Configuration)' == '' ">Debug</Configuration>
    <Platform Condition=" '$(Platform)' == '' ">AnyCPU</Platform>
    <ProjectGuid>{DAFA1963-D306-464A-B4DE-8F051FFE9644}</ProjectGuid>
    <Compiler>DMD2</Compiler>
    <PreferOneStepBuild>true</PreferOneStepBuild>
    <UseDefaultCompiler>true</UseDefaultCompiler>
    <IncrementalLinking>true</IncrementalLinking>
  </PropertyGroup>
  <PropertyGroup Condition=" '$(Configuration)|$(Platform)' == 'Debug|AnyCPU' ">
    <DebugSymbols>true</DebugSymbols>
    <OutputPath>bin\Debug</OutputPath>
    <ObjectsDirectory>obj/Debug</ObjectsDirectory>
    <LinkinThirdPartyLibraries>false</LinkinThirdPartyLibraries>
    <UnittestMode>false</UnittestMode>
    <OutputName>AlienCivilisations</OutputName>
    <Target>Executable</Target>
    <DebugLevel>0</DebugLevel>
    <ExtraLinkerArguments>-ldl</ExtraLinkerArguments>
    <Libs>
      <Libs>
        <Lib>lib/libDerelictGL3.a</Lib>
        <Lib>lib/libDerelictSDL2.a</Lib>
        <Lib>lib/libDerelictUtil.a</Lib>
      </Libs>
    </Libs>
    <ConsolePause>false</ConsolePause>
  </PropertyGroup>
  <PropertyGroup Condition=" '$(Configuration)|$(Platform)' == 'Release|AnyCPU' ">
    <OutputPath>bin\Release</OutputPath>
    <ObjectsDirectory>obj/Release</ObjectsDirectory>
    <LinkinThirdPartyLibraries>false</LinkinThirdPartyLibraries>
    <UnittestMode>false</UnittestMode>
    <OutputName>AlienCivilisations</OutputName>
    <Target>Executable</Target>
    <Externalconsole>true</Externalconsole>
    <DebugLevel>0</DebugLevel>
  </PropertyGroup>
  <PropertyGroup Condition=" '$(Configuration)|$(Platform)' == 'Unittest|AnyCPU' ">
    <DebugSymbols>true</DebugSymbols>
    <OutputPath>bin\Unittest</OutputPath>
    <ObjectsDirectory>obj/Unittest</ObjectsDirectory>
    <LinkinThirdPartyLibraries>false</LinkinThirdPartyLibraries>
    <UnittestMode>true</UnittestMode>
    <OutputName>AlienCivilisations</OutputName>
    <Target>Executable</Target>
    <Externalconsole>true</Externalconsole>
    <DebugLevel>0</DebugLevel>
  </PropertyGroup>
  <ItemGroup>
    <Compile Include="src\main.d" />
    <Compile Include="src\derelict\opengl3\arb.d" />
    <Compile Include="src\derelict\opengl3\cgl.d" />
    <Compile Include="src\derelict\opengl3\constants.d" />
    <Compile Include="src\derelict\opengl3\deprecatedConstants.d" />
    <Compile Include="src\derelict\opengl3\deprecatedFunctions.d" />
    <Compile Include="src\derelict\opengl3\ext.d" />
    <Compile Include="src\derelict\opengl3\functions.d" />
    <Compile Include="src\derelict\opengl3\gl.d" />
    <Compile Include="src\derelict\opengl3\gl3.d" />
    <Compile Include="src\derelict\opengl3\glx.d" />
    <Compile Include="src\derelict\opengl3\glxext.d" />
    <Compile Include="src\derelict\opengl3\internal.d" />
    <Compile Include="src\derelict\opengl3\types.d" />
    <Compile Include="src\derelict\opengl3\wgl.d" />
    <Compile Include="src\derelict\opengl3\wglext.d" />
    <Compile Include="src\derelict\sdl2\functions.d" />
    <Compile Include="src\derelict\sdl2\image.d" />
    <Compile Include="src\derelict\sdl2\mixer.d" />
    <Compile Include="src\derelict\sdl2\net.d" />
    <Compile Include="src\derelict\sdl2\sdl.d" />
    <Compile Include="src\derelict\sdl2\ttf.d" />
    <Compile Include="src\derelict\sdl2\types.d" />
    <Compile Include="src\derelict\util\exception.d" />
    <Compile Include="src\derelict\util\loader.d" />
    <Compile Include="src\derelict\util\sharedlib.d" />
    <Compile Include="src\derelict\util\system.d" />
    <Compile Include="src\derelict\util\wintypes.d" />
    <Compile Include="src\derelict\util\xtypes.d" />
    <Compile Include="src\entities\planet.d" />
    <Compile Include="src\handlers\vector2d.d" />
  </ItemGroup>
  <ItemGroup>
    <Folder Include="src\" />
    <Folder Include="src\derelict\" />
    <Folder Include="src\entities\" />
    <Folder Include="src\handlers\" />
  </ItemGroup>
</Project>