<?xml version="1.0" encoding="utf-8"?>
<Project DefaultTargets="Build" ToolsVersion="4.0" xmlns="http://schemas.microsoft.com/developer/msbuild/2003">
  <PropertyGroup>
    <Configuration Condition=" '$(Configuration)' == '' ">Debug</Configuration>
    <Platform Condition=" '$(Platform)' == '' ">AnyCPU</Platform>
    <ProjectGuid>{DAFA1963-D306-464A-B4DE-8F051FFE9644}</ProjectGuid>
    <Compiler>DMD2</Compiler>
    <PreferOneStepBuild>true</PreferOneStepBuild>
    <UseDefaultCompiler>true</UseDefaultCompiler>
    <IncrementalLinking>true</IncrementalLinking>
    <DependentProjectIds>
      <DependentProjectIds>
        <String>{A38BEF21-AAFE-4115-A978-63B7C8C2FBD1}</String>
      </DependentProjectIds>
    </DependentProjectIds>
    <Includes>
      <Includes>
        <Path>lib/dlangui/src</Path>
        <Path>lib/dlangui/deps/gl3n</Path>
        <Path>lib/dlangui/deps/DerelictSDL2/source</Path>
        <Path>lib/dlangui/deps/DerelictFT/source</Path>
        <Path>lib/dlangui/deps/DerelictGL3/source</Path>
        <Path>lib/dlangui/deps/DerelictUtil/source</Path>
        <Path>lib/dlangui/3rdparty</Path>
      </Includes>
    </Includes>
  </PropertyGroup>
  <PropertyGroup Condition=" '$(Configuration)|$(Platform)' == 'Debug|AnyCPU' ">
    <DebugSymbols>true</DebugSymbols>
    <OutputPath>bin\Debug</OutputPath>
    <ObjectsDirectory>obj/Debug</ObjectsDirectory>
    <LinkinThirdPartyLibraries>true</LinkinThirdPartyLibraries>
    <UnittestMode>false</UnittestMode>
    <OutputName>AlienCivilisations</OutputName>
    <Target>Executable</Target>
    <DebugLevel>0</DebugLevel>
    <ExtraLinkerArguments>-L-ldl
</ExtraLinkerArguments>
    <Externalconsole>true</Externalconsole>
    <ExtraCompilerArguments>-Jviews
-Jviews/res
-Jviews/res/i18n
-Jviews/res/mdpi
-Jviews/res/hdpi</ExtraCompilerArguments>
    <VersionIds>
      <VersionIds>
        <String>USE_OPENGL</String>
        <String>USE_SDL</String>
        <String>USE_FREETYPE</String>
        <String>EmbedStandardResources</String>
      </VersionIds>
    </VersionIds>
  </PropertyGroup>
  <PropertyGroup Condition=" '$(Configuration)|$(Platform)' == 'Release|AnyCPU' ">
    <OutputPath>bin\Release</OutputPath>
    <ObjectsDirectory>obj/Release</ObjectsDirectory>
    <LinkinThirdPartyLibraries>false</LinkinThirdPartyLibraries>
    <UnittestMode>false</UnittestMode>
    <OutputName>AlienCivilisations</OutputName>
    <Target>Executable</Target>
    <DebugLevel>0</DebugLevel>
    <ConsolePause>false</ConsolePause>
    <ExtraLinkerArguments>-ldl</ExtraLinkerArguments>
    <Libs>
      <Libs>
        <Lib>lib/libDerelictGL3.a</Lib>
        <Lib>lib/libDerelictSDL2.a</Lib>
        <Lib>lib/libDerelictUtil.a</Lib>
      </Libs>
    </Libs>
    <Externalconsole>true</Externalconsole>
    <ExtraCompilerArguments>-Jviews
-Jviews/res
-Jviews/res/i18n
-Jviews/res/mdpi
-Jviews/res/hdpi</ExtraCompilerArguments>
  </PropertyGroup>
  <PropertyGroup Condition=" '$(Configuration)|$(Platform)' == 'Unittest|AnyCPU' ">
    <DebugSymbols>true</DebugSymbols>
    <OutputPath>bin\Unittest</OutputPath>
    <ObjectsDirectory>obj/Unittest</ObjectsDirectory>
    <LinkinThirdPartyLibraries>false</LinkinThirdPartyLibraries>
    <UnittestMode>true</UnittestMode>
    <OutputName>AlienCivilisations</OutputName>
    <Target>Executable</Target>
    <DebugLevel>0</DebugLevel>
    <ConsolePause>false</ConsolePause>
    <ExtraLinkerArguments>-ldl</ExtraLinkerArguments>
    <Libs>
      <Libs>
        <Lib>lib/libDerelictGL3.a</Lib>
        <Lib>lib/libDerelictSDL2.a</Lib>
        <Lib>lib/libDerelictUtil.a</Lib>
      </Libs>
    </Libs>
    <Externalconsole>true</Externalconsole>
    <ExtraCompilerArguments>-Jviews
-Jviews/res
-Jviews/res/i18n
-Jviews/res/mdpi
-Jviews/res/hdpi</ExtraCompilerArguments>
  </PropertyGroup>
  <ItemGroup>
    <Compile Include="src\main.d" />
    <Compile Include="src\entities\planet.d" />
    <Compile Include="src\entities\player.d" />
    <Compile Include="src\handlers\commandParser.d" />
    <Compile Include="src\entities\map.d" />
    <Compile Include="src\states\play.d" />
    <Compile Include="src\states\menu.d" />
    <Compile Include="src\logic\branch.d" />
    <Compile Include="src\logic\knowledgeTree.d" />
    <Compile Include="src\containers\vector2d.d" />
    <Compile Include="src\logic\ai.d" />
    <Compile Include="src\containers\kdTree.d" />
    <Compile Include="src\containers\hypotheticalWorld.d" />
    <Compile Include="src\entities\ship.d" />
    <Compile Include="src\gameFrame.d" />
    <Compile Include="src\states\gameState.d" />
    <Compile Include="src\handlers\jsonParser.d" />
  </ItemGroup>
  <ItemGroup>
    <Folder Include="src\" />
    <Folder Include="src\entities\" />
    <Folder Include="src\handlers\" />
    <Folder Include="src\states\" />
    <Folder Include="src\containers\" />
    <Folder Include="src\logic\" />
  </ItemGroup>
</Project>